// !$*UTF8*$!
{
	archiveVersion = 1;
	classes = {
	};
	objectVersion = 46;
	objects = {

/* Begin PBXBuildFile section */
		FF4972671EE9FBEE00CFD44D /* main.m in Sources */ = {isa = PBXBuildFile; fileRef = FF4972661EE9FBEE00CFD44D /* main.m */; };
		FF49726A1EE9FBEE00CFD44D /* AppDelegate.m in Sources */ = {isa = PBXBuildFile; fileRef = FF4972691EE9FBEE00CFD44D /* AppDelegate.m */; };
		FF4972701EE9FBEE00CFD44D /* Main.storyboard in Resources */ = {isa = PBXBuildFile; fileRef = FF49726E1EE9FBEE00CFD44D /* Main.storyboard */; };
		FF4972721EE9FBEE00CFD44D /* Assets.xcassets in Resources */ = {isa = PBXBuildFile; fileRef = FF4972711EE9FBEE00CFD44D /* Assets.xcassets */; };
		FF4972751EE9FBEE00CFD44D /* LaunchScreen.storyboard in Resources */ = {isa = PBXBuildFile; fileRef = FF4972731EE9FBEE00CFD44D /* LaunchScreen.storyboard */; };
		FF4972801EE9FBEE00CFD44D /* GesturesTests.m in Sources */ = {isa = PBXBuildFile; fileRef = FF49727F1EE9FBEE00CFD44D /* GesturesTests.m */; };
		FF49728C1EEA115900CFD44D /* PanViewController.m in Sources */ = {isa = PBXBuildFile; fileRef = FF49728B1EEA115900CFD44D /* PanViewController.m */; };
		FF49728F1EEA117300CFD44D /* TapViewController.m in Sources */ = {isa = PBXBuildFile; fileRef = FF49728E1EEA117300CFD44D /* TapViewController.m */; };
		FF4972921EEA266400CFD44D /* PinchViewController.m in Sources */ = {isa = PBXBuildFile; fileRef = FF4972911EEA266400CFD44D /* PinchViewController.m */; };
		FF4972951EEA2F9D00CFD44D /* SwipeViewController.m in Sources */ = {isa = PBXBuildFile; fileRef = FF4972941EEA2F9D00CFD44D /* SwipeViewController.m */; };
		FF4972981EEA424D00CFD44D /* RotationViewController.m in Sources */ = {isa = PBXBuildFile; fileRef = FF4972971EEA424D00CFD44D /* RotationViewController.m */; };
		FF49729B1EEA48AE00CFD44D /* EdgeViewController.m in Sources */ = {isa = PBXBuildFile; fileRef = FF49729A1EEA48AE00CFD44D /* EdgeViewController.m */; };
/* End PBXBuildFile section */

/* Begin PBXContainerItemProxy section */
		FF49727C1EE9FBEE00CFD44D /* PBXContainerItemProxy */ = {
			isa = PBXContainerItemProxy;
			containerPortal = FF49725A1EE9FBEE00CFD44D /* Project object */;
			proxyType = 1;
			remoteGlobalIDString = FF4972611EE9FBEE00CFD44D;
			remoteInfo = Gestures;
		};
/* End PBXContainerItemProxy section */

/* Begin PBXFileReference section */
		FF4972621EE9FBEE00CFD44D /* Gestures.app */ = {isa = PBXFileReference; explicitFileType = wrapper.application; includeInIndex = 0; path = Gestures.app; sourceTree = BUILT_PRODUCTS_DIR; };
		FF4972661EE9FBEE00CFD44D /* main.m */ = {isa = PBXFileReference; lastKnownFileType = sourcecode.c.objc; path = main.m; sourceTree = "<group>"; };
		FF4972681EE9FBEE00CFD44D /* AppDelegate.h */ = {isa = PBXFileReference; lastKnownFileType = sourcecode.c.h; path = AppDelegate.h; sourceTree = "<group>"; };
		FF4972691EE9FBEE00CFD44D /* AppDelegate.m */ = {isa = PBXFileReference; lastKnownFileType = sourcecode.c.objc; path = AppDelegate.m; sourceTree = "<group>"; };
		FF49726F1EE9FBEE00CFD44D /* Base */ = {isa = PBXFileReference; lastKnownFileType = file.storyboard; name = Base; path = Base.lproj/Main.storyboard; sourceTree = "<group>"; };
		FF4972711EE9FBEE00CFD44D /* Assets.xcassets */ = {isa = PBXFileReference; lastKnownFileType = folder.assetcatalog; path = Assets.xcassets; sourceTree = "<group>"; };
		FF4972741EE9FBEE00CFD44D /* Base */ = {isa = PBXFileReference; lastKnownFileType = file.storyboard; name = Base; path = Base.lproj/LaunchScreen.storyboard; sourceTree = "<group>"; };
		FF4972761EE9FBEE00CFD44D /* Info.plist */ = {isa = PBXFileReference; lastKnownFileType = text.plist.xml; path = Info.plist; sourceTree = "<group>"; };
		FF49727B1EE9FBEE00CFD44D /* GesturesTests.xctest */ = {isa = PBXFileReference; explicitFileType = wrapper.cfbundle; includeInIndex = 0; path = GesturesTests.xctest; sourceTree = BUILT_PRODUCTS_DIR; };
		FF49727F1EE9FBEE00CFD44D /* GesturesTests.m */ = {isa = PBXFileReference; lastKnownFileType = sourcecode.c.objc; path = GesturesTests.m; sourceTree = "<group>"; };
		FF4972811EE9FBEE00CFD44D /* Info.plist */ = {isa = PBXFileReference; lastKnownFileType = text.plist.xml; path = Info.plist; sourceTree = "<group>"; };
		FF49728A1EEA115900CFD44D /* PanViewController.h */ = {isa = PBXFileReference; fileEncoding = 4; lastKnownFileType = sourcecode.c.h; path = PanViewController.h; sourceTree = "<group>"; };
		FF49728B1EEA115900CFD44D /* PanViewController.m */ = {isa = PBXFileReference; fileEncoding = 4; lastKnownFileType = sourcecode.c.objc; path = PanViewController.m; sourceTree = "<group>"; };
		FF49728D1EEA117300CFD44D /* TapViewController.h */ = {isa = PBXFileReference; fileEncoding = 4; lastKnownFileType = sourcecode.c.h; path = TapViewController.h; sourceTree = "<group>"; };
		FF49728E1EEA117300CFD44D /* TapViewController.m */ = {isa = PBXFileReference; fileEncoding = 4; lastKnownFileType = sourcecode.c.objc; path = TapViewController.m; sourceTree = "<group>"; };
		FF4972901EEA266400CFD44D /* PinchViewController.h */ = {isa = PBXFileReference; fileEncoding = 4; lastKnownFileType = sourcecode.c.h; path = PinchViewController.h; sourceTree = "<group>"; };
		FF4972911EEA266400CFD44D /* PinchViewController.m */ = {isa = PBXFileReference; fileEncoding = 4; lastKnownFileType = sourcecode.c.objc; path = PinchViewController.m; sourceTree = "<group>"; };
		FF4972931EEA2F9D00CFD44D /* SwipeViewController.h */ = {isa = PBXFileReference; fileEncoding = 4; lastKnownFileType = sourcecode.c.h; path = SwipeViewController.h; sourceTree = "<group>"; };
		FF4972941EEA2F9D00CFD44D /* SwipeViewController.m */ = {isa = PBXFileReference; fileEncoding = 4; lastKnownFileType = sourcecode.c.objc; path = SwipeViewController.m; sourceTree = "<group>"; };
		FF4972961EEA424D00CFD44D /* RotationViewController.h */ = {isa = PBXFileReference; fileEncoding = 4; lastKnownFileType = sourcecode.c.h; path = RotationViewController.h; sourceTree = "<group>"; };
		FF4972971EEA424D00CFD44D /* RotationViewController.m */ = {isa = PBXFileReference; fileEncoding = 4; lastKnownFileType = sourcecode.c.objc; path = RotationViewController.m; sourceTree = "<group>"; };
		FF4972991EEA48AE00CFD44D /* EdgeViewController.h */ = {isa = PBXFileReference; fileEncoding = 4; lastKnownFileType = sourcecode.c.h; path = EdgeViewController.h; sourceTree = "<group>"; };
		FF49729A1EEA48AE00CFD44D /* EdgeViewController.m */ = {isa = PBXFileReference; fileEncoding = 4; lastKnownFileType = sourcecode.c.objc; path = EdgeViewController.m; sourceTree = "<group>"; };
/* End PBXFileReference section */

/* Begin PBXFrameworksBuildPhase section */
		FF49725F1EE9FBEE00CFD44D /* Frameworks */ = {
			isa = PBXFrameworksBuildPhase;
			buildActionMask = 2147483647;
			files = (
			);
			runOnlyForDeploymentPostprocessing = 0;
		};
		FF4972781EE9FBEE00CFD44D /* Frameworks */ = {
			isa = PBXFrameworksBuildPhase;
			buildActionMask = 2147483647;
			files = (
			);
			runOnlyForDeploymentPostprocessing = 0;
		};
/* End PBXFrameworksBuildPhase section */

/* Begin PBXGroup section */
		FF4972591EE9FBEE00CFD44D = {
			isa = PBXGroup;
			children = (
				FF4972641EE9FBEE00CFD44D /* Gestures */,
				FF49727E1EE9FBEE00CFD44D /* GesturesTests */,
				FF4972631EE9FBEE00CFD44D /* Products */,
			);
			sourceTree = "<group>";
		};
		FF4972631EE9FBEE00CFD44D /* Products */ = {
			isa = PBXGroup;
			children = (
				FF4972621EE9FBEE00CFD44D /* Gestures.app */,
				FF49727B1EE9FBEE00CFD44D /* GesturesTests.xctest */,
			);
			name = Products;
			sourceTree = "<group>";
		};
		FF4972641EE9FBEE00CFD44D /* Gestures */ = {
			isa = PBXGroup;
			children = (
				FF49726E1EE9FBEE00CFD44D /* Main.storyboard */,
				FF49728A1EEA115900CFD44D /* PanViewController.h */,
				FF49728B1EEA115900CFD44D /* PanViewController.m */,
				FF49728D1EEA117300CFD44D /* TapViewController.h */,
				FF49728E1EEA117300CFD44D /* TapViewController.m */,
				FF4972901EEA266400CFD44D /* PinchViewController.h */,
				FF4972911EEA266400CFD44D /* PinchViewController.m */,
				FF4972931EEA2F9D00CFD44D /* SwipeViewController.h */,
				FF4972941EEA2F9D00CFD44D /* SwipeViewController.m */,
				FF4972961EEA424D00CFD44D /* RotationViewController.h */,
				FF4972971EEA424D00CFD44D /* RotationViewController.m */,
				FF4972991EEA48AE00CFD44D /* EdgeViewController.h */,
				FF49729A1EEA48AE00CFD44D /* EdgeViewController.m */,
				FF4972651EE9FBEE00CFD44D /* Supporting Files */,
			);
			path = Gestures;
			sourceTree = "<group>";
		};
		FF4972651EE9FBEE00CFD44D /* Supporting Files */ = {
			isa = PBXGroup;
			children = (
				FF4972761EE9FBEE00CFD44D /* Info.plist */,
				FF4972731EE9FBEE00CFD44D /* LaunchScreen.storyboard */,
				FF4972711EE9FBEE00CFD44D /* Assets.xcassets */,
				FF4972681EE9FBEE00CFD44D /* AppDelegate.h */,
				FF4972691EE9FBEE00CFD44D /* AppDelegate.m */,
				FF4972661EE9FBEE00CFD44D /* main.m */,
			);
			name = "Supporting Files";
			sourceTree = "<group>";
		};
		FF49727E1EE9FBEE00CFD44D /* GesturesTests */ = {
			isa = PBXGroup;
			children = (
				FF49727F1EE9FBEE00CFD44D /* GesturesTests.m */,
				FF4972811EE9FBEE00CFD44D /* Info.plist */,
			);
			path = GesturesTests;
			sourceTree = "<group>";
		};
/* End PBXGroup section */

/* Begin PBXNativeTarget section */
		FF4972611EE9FBEE00CFD44D /* Gestures */ = {
			isa = PBXNativeTarget;
			buildConfigurationList = FF4972841EE9FBEE00CFD44D /* Build configuration list for PBXNativeTarget "Gestures" */;
			buildPhases = (
				FF49725E1EE9FBEE00CFD44D /* Sources */,
				FF49725F1EE9FBEE00CFD44D /* Frameworks */,
				FF4972601EE9FBEE00CFD44D /* Resources */,
			);
			buildRules = (
			);
			dependencies = (
			);
			name = Gestures;
			productName = Gestures;
			productReference = FF4972621EE9FBEE00CFD44D /* Gestures.app */;
			productType = "com.apple.product-type.application";
		};
		FF49727A1EE9FBEE00CFD44D /* GesturesTests */ = {
			isa = PBXNativeTarget;
			buildConfigurationList = FF4972871EE9FBEE00CFD44D /* Build configuration list for PBXNativeTarget "GesturesTests" */;
			buildPhases = (
				FF4972771EE9FBEE00CFD44D /* Sources */,
				FF4972781EE9FBEE00CFD44D /* Frameworks */,
				FF4972791EE9FBEE00CFD44D /* Resources */,
			);
			buildRules = (
			);
			dependencies = (
				FF49727D1EE9FBEE00CFD44D /* PBXTargetDependency */,
			);
			name = GesturesTests;
			productName = GesturesTests;
			productReference = FF49727B1EE9FBEE00CFD44D /* GesturesTests.xctest */;
			productType = "com.apple.product-type.bundle.unit-test";
		};
/* End PBXNativeTarget section */

/* Begin PBXProject section */
		FF49725A1EE9FBEE00CFD44D /* Project object */ = {
			isa = PBXProject;
			attributes = {
				LastUpgradeCheck = 0810;
				ORGANIZATIONNAME = "Jimmy Hoang";
				TargetAttributes = {
					FF4972611EE9FBEE00CFD44D = {
						CreatedOnToolsVersion = 8.1;
						ProvisioningStyle = Automatic;
					};
					FF49727A1EE9FBEE00CFD44D = {
						CreatedOnToolsVersion = 8.1;
						ProvisioningStyle = Automatic;
						TestTargetID = FF4972611EE9FBEE00CFD44D;
					};
				};
			};
			buildConfigurationList = FF49725D1EE9FBEE00CFD44D /* Build configuration list for PBXProject "Gestures" */;
			compatibilityVersion = "Xcode 3.2";
			developmentRegion = English;
			hasScannedForEncodings = 0;
			knownRegions = (
				en,
				Base,
			);
			mainGroup = FF4972591EE9FBEE00CFD44D;
			productRefGroup = FF4972631EE9FBEE00CFD44D /* Products */;
			projectDirPath = "";
			projectRoot = "";
			targets = (
				FF4972611EE9FBEE00CFD44D /* Gestures */,
				FF49727A1EE9FBEE00CFD44D /* GesturesTests */,
			);
		};
/* End PBXProject section */

/* Begin PBXResourcesBuildPhase section */
		FF4972601EE9FBEE00CFD44D /* Resources */ = {
			isa = PBXResourcesBuildPhase;
			buildActionMask = 2147483647;
			files = (
				FF4972751EE9FBEE00CFD44D /* LaunchScreen.storyboard in Resources */,
				FF4972721EE9FBEE00CFD44D /* Assets.xcassets in Resources */,
				FF4972701EE9FBEE00CFD44D /* Main.storyboard in Resources */,
			);
			runOnlyForDeploymentPostprocessing = 0;
		};
		FF4972791EE9FBEE00CFD44D /* Resources */ = {
			isa = PBXResourcesBuildPhase;
			buildActionMask = 2147483647;
			files = (
			);
			runOnlyForDeploymentPostprocessing = 0;
		};
/* End PBXResourcesBuildPhase section */

/* Begin PBXSourcesBuildPhase section */
		FF49725E1EE9FBEE00CFD44D /* Sources */ = {
			isa = PBXSourcesBuildPhase;
			buildActionMask = 2147483647;
			files = (
				FF49728C1EEA115900CFD44D /* PanViewController.m in Sources */,
				FF49726A1EE9FBEE00CFD44D /* AppDelegate.m in Sources */,
				FF4972921EEA266400CFD44D /* PinchViewController.m in Sources */,
				FF49729B1EEA48AE00CFD44D /* EdgeViewController.m in Sources */,
				FF4972981EEA424D00CFD44D /* RotationViewController.m in Sources */,
				FF4972951EEA2F9D00CFD44D /* SwipeViewController.m in Sources */,
				FF49728F1EEA117300CFD44D /* TapViewController.m in Sources */,
				FF4972671EE9FBEE00CFD44D /* main.m in Sources */,
			);
			runOnlyForDeploymentPostprocessing = 0;
		};
		FF4972771EE9FBEE00CFD44D /* Sources */ = {
			isa = PBXSourcesBuildPhase;
			buildActionMask = 2147483647;
			files = (
				FF4972801EE9FBEE00CFD44D /* GesturesTests.m in Sources */,
			);
			runOnlyForDeploymentPostprocessing = 0;
		};
/* End PBXSourcesBuildPhase section */

/* Begin PBXTargetDependency section */
		FF49727D1EE9FBEE00CFD44D /* PBXTargetDependency */ = {
			isa = PBXTargetDependency;
			target = FF4972611EE9FBEE00CFD44D /* Gestures */;
			targetProxy = FF49727C1EE9FBEE00CFD44D /* PBXContainerItemProxy */;
		};
/* End PBXTargetDependency section */

/* Begin PBXVariantGroup section */
		FF49726E1EE9FBEE00CFD44D /* Main.storyboard */ = {
			isa = PBXVariantGroup;
			children = (
				FF49726F1EE9FBEE00CFD44D /* Base */,
			);
			name = Main.storyboard;
			sourceTree = "<group>";
		};
		FF4972731EE9FBEE00CFD44D /* LaunchScreen.storyboard */ = {
			isa = PBXVariantGroup;
			children = (
				FF4972741EE9FBEE00CFD44D /* Base */,
			);
			name = LaunchScreen.storyboard;
			sourceTree = "<group>";
		};
/* End PBXVariantGroup section */

/* Begin XCBuildConfiguration section */
		FF4972821EE9FBEE00CFD44D /* Debug */ = {
			isa = XCBuildConfiguration;
			buildSettings = {
				ALWAYS_SEARCH_USER_PATHS = NO;
				CLANG_ANALYZER_NONNULL = YES;
				CLANG_CXX_LANGUAGE_STANDARD = "gnu++0x";
				CLANG_CXX_LIBRARY = "libc++";
				CLANG_ENABLE_MODULES = YES;
				CLANG_ENABLE_OBJC_ARC = YES;
				CLANG_WARN_BOOL_CONVERSION = YES;
				CLANG_WARN_CONSTANT_CONVERSION = YES;
				CLANG_WARN_DIRECT_OBJC_ISA_USAGE = YES_ERROR;
				CLANG_WARN_DOCUMENTATION_COMMENTS = YES;
				CLANG_WARN_EMPTY_BODY = YES;
				CLANG_WARN_ENUM_CONVERSION = YES;
				CLANG_WARN_INFINITE_RECURSION = YES;
				CLANG_WARN_INT_CONVERSION = YES;
				CLANG_WARN_OBJC_ROOT_CLASS = YES_ERROR;
				CLANG_WARN_SUSPICIOUS_MOVES = YES;
				CLANG_WARN_UNREACHABLE_CODE = YES;
				CLANG_WARN__DUPLICATE_METHOD_MATCH = YES;
				"CODE_SIGN_IDENTITY[sdk=iphoneos*]" = "iPhone Developer";
				COPY_PHASE_STRIP = NO;
				DEBUG_INFORMATION_FORMAT = dwarf;
				ENABLE_STRICT_OBJC_MSGSEND = YES;
				ENABLE_TESTABILITY = YES;
				GCC_C_LANGUAGE_STANDARD = gnu99;
				GCC_DYNAMIC_NO_PIC = NO;
				GCC_NO_COMMON_BLOCKS = YES;
				GCC_OPTIMIZATION_LEVEL = 0;
				GCC_PREPROCESSOR_DEFINITIONS = (
					"DEBUG=1",
					"$(inherited)",
				);
				GCC_WARN_64_TO_32_BIT_CONVERSION = YES;
				GCC_WARN_ABOUT_RETURN_TYPE = YES_ERROR;
				GCC_WARN_UNDECLARED_SELECTOR = YES;
				GCC_WARN_UNINITIALIZED_AUTOS = YES_AGGRESSIVE;
				GCC_WARN_UNUSED_FUNCTION = YES;
				GCC_WARN_UNUSED_VARIABLE = YES;
				IPHONEOS_DEPLOYMENT_TARGET = 10.1;
				MTL_ENABLE_DEBUG_INFO = YES;
				ONLY_ACTIVE_ARCH = YES;
				SDKROOT = iphoneos;
				TARGETED_DEVICE_FAMILY = "1,2";
			};
			name = Debug;
		};
		FF4972831EE9FBEE00CFD44D /* Release */ = {
			isa = XCBuildConfiguration;
			buildSettings = {
				ALWAYS_SEARCH_USER_PATHS = NO;
				CLANG_ANALYZER_NONNULL = YES;
				CLANG_CXX_LANGUAGE_STANDARD = "gnu++0x";
				CLANG_CXX_LIBRARY = "libc++";
				CLANG_ENABLE_MODULES = YES;
				CLANG_ENABLE_OBJC_ARC = YES;
				CLANG_WARN_BOOL_CONVERSION = YES;
				CLANG_WARN_CONSTANT_CONVERSION = YES;
				CLANG_WARN_DIRECT_OBJC_ISA_USAGE = YES_ERROR;
				CLANG_WARN_DOCUMENTATION_COMMENTS = YES;
				CLANG_WARN_EMPTY_BODY = YES;
				CLANG_WARN_ENUM_CONVERSION = YES;
				CLANG_WARN_INFINITE_RECURSION = YES;
				CLANG_WARN_INT_CONVERSION = YES;
				CLANG_WARN_OBJC_ROOT_CLASS = YES_ERROR;
				CLANG_WARN_SUSPICIOUS_MOVES = YES;
				CLANG_WARN_UNREACHABLE_CODE = YES;
				CLANG_WARN__DUPLICATE_METHOD_MATCH = YES;
				"CODE_SIGN_IDENTITY[sdk=iphoneos*]" = "iPhone Developer";
				COPY_PHASE_STRIP = NO;
				DEBUG_INFORMATION_FORMAT = "dwarf-with-dsym";
				ENABLE_NS_ASSERTIONS = NO;
				ENABLE_STRICT_OBJC_MSGSEND = YES;
				GCC_C_LANGUAGE_STANDARD = gnu99;
				GCC_NO_COMMON_BLOCKS = YES;
				GCC_WARN_64_TO_32_BIT_CONVERSION = YES;
				GCC_WARN_ABOUT_RETURN_TYPE = YES_ERROR;
				GCC_WARN_UNDECLARED_SELECTOR = YES;
				GCC_WARN_UNINITIALIZED_AUTOS = YES_AGGRESSIVE;
				GCC_WARN_UNUSED_FUNCTION = YES;
				GCC_WARN_UNUSED_VARIABLE = YES;
				IPHONEOS_DEPLOYMENT_TARGET = 10.1;
				MTL_ENABLE_DEBUG_INFO = NO;
				SDKROOT = iphoneos;
				TARGETED_DEVICE_FAMILY = "1,2";
				VALIDATE_PRODUCT = YES;
			};
			name = Release;
		};
		FF4972851EE9FBEE00CFD44D /* Debug */ = {
			isa = XCBuildConfiguration;
			buildSettings = {
				ASSETCATALOG_COMPILER_APPICON_NAME = AppIcon;
				INFOPLIST_FILE = Gestures/Info.plist;
				LD_RUNPATH_SEARCH_PATHS = "$(inherited) @executable_path/Frameworks";
				PRODUCT_BUNDLE_IDENTIFIER = com.example.Gestures;
				PRODUCT_NAME = "$(TARGET_NAME)";
			};
			name = Debug;
		};
		FF4972861EE9FBEE00CFD44D /* Release */ = {
			isa = XCBuildConfiguration;
			buildSettings = {
				ASSETCATALOG_COMPILER_APPICON_NAME = AppIcon;
				INFOPLIST_FILE = Gestures/Info.plist;
				LD_RUNPATH_SEARCH_PATHS = "$(inherited) @executable_path/Frameworks";
				PRODUCT_BUNDLE_IDENTIFIER = com.example.Gestures;
				PRODUCT_NAME = "$(TARGET_NAME)";
			};
			name = Release;
		};
		FF4972881EE9FBEE00CFD44D /* Debug */ = {
			isa = XCBuildConfiguration;
			buildSettings = {
				BUNDLE_LOADER = "$(TEST_HOST)";
				INFOPLIST_FILE = GesturesTests/Info.plist;
				LD_RUNPATH_SEARCH_PATHS = "$(inherited) @executable_path/Frameworks @loader_path/Frameworks";
				PRODUCT_BUNDLE_IDENTIFIER = com.example.GesturesTests;
				PRODUCT_NAME = "$(TARGET_NAME)";
				TEST_HOST = "$(BUILT_PRODUCTS_DIR)/Gestures.app/Gestures";
			};
			name = Debug;
		};
		FF4972891EE9FBEE00CFD44D /* Release */ = {
			isa = XCBuildConfiguration;
			buildSettings = {
				BUNDLE_LOADER = "$(TEST_HOST)";
				INFOPLIST_FILE = GesturesTests/Info.plist;
				LD_RUNPATH_SEARCH_PATHS = "$(inherited) @executable_path/Frameworks @loader_path/Frameworks";
				PRODUCT_BUNDLE_IDENTIFIER = com.example.GesturesTests;
				PRODUCT_NAME = "$(TARGET_NAME)";
				TEST_HOST = "$(BUILT_PRODUCTS_DIR)/Gestures.app/Gestures";
			};
			name = Release;
		};
/* End XCBuildConfiguration section */

/* Begin XCConfigurationList section */
		FF49725D1EE9FBEE00CFD44D /* Build configuration list for PBXProject "Gestures" */ = {
			isa = XCConfigurationList;
			buildConfigurations = (
				FF4972821EE9FBEE00CFD44D /* Debug */,
				FF4972831EE9FBEE00CFD44D /* Release */,
			);
			defaultConfigurationIsVisible = 0;
			defaultConfigurationName = Release;
		};
		FF4972841EE9FBEE00CFD44D /* Build configuration list for PBXNativeTarget "Gestures" */ = {
			isa = XCConfigurationList;
			buildConfigurations = (
				FF4972851EE9FBEE00CFD44D /* Debug */,
				FF4972861EE9FBEE00CFD44D /* Release */,
			);
			defaultConfigurationIsVisible = 0;
			defaultConfigurationName = Release;
		};
		FF4972871EE9FBEE00CFD44D /* Build configuration list for PBXNativeTarget "GesturesTests" */ = {
			isa = XCConfigurationList;
			buildConfigurations = (
				FF4972881EE9FBEE00CFD44D /* Debug */,
				FF4972891EE9FBEE00CFD44D /* Release */,
			);
			defaultConfigurationIsVisible = 0;
			defaultConfigurationName = Release;
		};
/* End XCConfigurationList section */
	};
	rootObject = FF49725A1EE9FBEE00CFD44D /* Project object */;
}
